<?xml version="1.0" encoding="utf-8"?>
<Project ToolsVersion="4.0" xmlns="http://schemas.microsoft.com/developer/msbuild/2003">
  <ItemGroup>
    <Filter Include="Source Files">
      <UniqueIdentifier>{4FC737F1-C7A5-4376-A066-2A32D752A2FF}</UniqueIdentifier>
      <Extensions>cpp;c;cc;cxx;def;odl;idl;hpj;bat;asm;asmx</Extensions>
    </Filter>
    <Filter Include="Header Files">
      <UniqueIdentifier>{93995380-89BD-4b04-88EB-625FBE52EBFB}</UniqueIdentifier>
      <Extensions>h;hh;hpp;hxx;hm;inl;inc;xsd</Extensions>
    </Filter>
    <Filter Include="Resource Files">
      <UniqueIdentifier>{67DA6AB6-F800-4c08-8B7A-83BB121AAD01}</UniqueIdentifier>
      <Extensions>rc;ico;cur;bmp;dlg;rc2;rct;bin;rgs;gif;jpg;jpeg;jpe;resx;tiff;tif;png;wav;mfcribbon-ms</Extensions>
    </Filter>
  </ItemGroup>
  <ItemGroup>
    <ClCompile Include="src\main.cpp">
      <Filter>Source Files</Filter>
    </ClCompile>
    <ClCompile Include="src\system\DynamicLibrary.cpp">
      <Filter>Source Files</Filter>
    </ClCompile>
    <ClCompile Include="src\application\Application.cpp">
      <Filter>Source Files</Filter>
    </ClCompile>
    <ClCompile Include="src\system\Window.cpp">
      <Filter>Source Files</Filter>
    </ClCompile>
    <ClCompile Include="src\vk_interface\Instance.cpp">
      <Filter>Source Files</Filter>
    </ClCompile>
    <ClCompile Include="src\vk_interface\Device.cpp">
      <Filter>Source Files</Filter>
    </ClCompile>
    <ClCompile Include="src\vk_interface\memory\MemoryController.cpp">
      <Filter>Source Files</Filter>
    </ClCompile>
    <ClCompile Include="src\vk_interface\resources\ResourcesController.cpp">
      <Filter>Source Files</Filter>
    </ClCompile>
    <ClCompile Include="src\vk_interface\Loader.cpp">
      <Filter>Source Files</Filter>
    </ClCompile>
    <ClCompile Include="src\vk_interface\ImportTable.cpp">
      <Filter>Source Files</Filter>
    </ClCompile>
    <ClCompile Include="src\vk_interface\worker\Worker.cpp">
      <Filter>Source Files</Filter>
    </ClCompile>
    <ClCompile Include="src\vk_interface\worker\WorkerGroup.cpp">
      <Filter>Source Files</Filter>
    </ClCompile>
    <ClCompile Include="src\vk_interface\worker\WorkerFrame.cpp">
      <Filter>Source Files</Filter>
    </ClCompile>
    <ClCompile Include="src\application\VulkanApplicationDelegate.cpp">
      <Filter>Source Files</Filter>
    </ClCompile>
    <ClCompile Include="src\vk_interface\worker\WorkersProvider.cpp">
      <Filter>Source Files</Filter>
    </ClCompile>
    <ClCompile Include="src\vk_interface\resources\DynamicResourcesStorage.cpp">
      <Filter>Source Files</Filter>
    </ClCompile>
    <ClCompile Include="src\vk_interface\runtime\ResourceBindingService.cpp">
      <Filter>Source Files</Filter>
    </ClCompile>
    <ClCompile Include="src\vk_interface\runtime\DescriptorSet.cpp">
      <Filter>Source Files</Filter>
    </ClCompile>
    <ClCompile Include="src\vk_interface\pipeline\PipelineFactory.cpp">
      <Filter>Source Files</Filter>
    </ClCompile>
    <ClCompile Include="src\vk_interface\pipeline\ShaderModuleFactory.cpp">
      <Filter>Source Files</Filter>
    </ClCompile>
    <ClCompile Include="src\memory\ByteBuffer.cpp">
      <Filter>Source Files</Filter>
    </ClCompile>
    <ClCompile Include="src\io\IOManager.cpp">
      <Filter>Source Files</Filter>
    </ClCompile>
    <ClCompile Include="src\vk_interface\pipeline\ShaderModule.cpp">
      <Filter>Source Files</Filter>
    </ClCompile>
    <ClCompile Include="src\vk_interface\resources\Resource.cpp">
      <Filter>Source Files</Filter>
    </ClCompile>
    <ClCompile Include="src\vk_interface\pipeline\RenderPass.cpp">
      <Filter>Source Files</Filter>
    </ClCompile>
    <ClCompile Include="src\vk_interface\pipeline\RenderPassController.cpp">
      <Filter>Source Files</Filter>
    </ClCompile>
    <ClCompile Include="src\vk_interface\resources\FramebufferController.cpp">
      <Filter>Source Files</Filter>
    </ClCompile>
    <ClCompile Include="src\vk_interface\buffer\BuffersProvider.cpp">
      <Filter>Source Files</Filter>
    </ClCompile>
    <ClCompile Include="src\vk_interface\buffer\BufferView.cpp">
      <Filter>Source Files</Filter>
    </ClCompile>
    <ClCompile Include="src\vk_interface\image\ImagesProvider.cpp">
      <Filter>Source Files</Filter>
    </ClCompile>
    <ClCompile Include="src\vk_interface\image\ImageView.cpp">
      <Filter>Source Files</Filter>
    </ClCompile>
    <ClCompile Include="src\class_features\ContinuousDataStorage.cpp">
      <Filter>Source Files</Filter>
    </ClCompile>
  </ItemGroup>
  <ItemGroup>
    <ClInclude Include="src\system\DynamicLibrary.hpp">
      <Filter>Header Files</Filter>
    </ClInclude>
    <ClInclude Include="src\application\Application.hpp">
      <Filter>Header Files</Filter>
    </ClInclude>
    <ClInclude Include="src\system\Window.hpp">
      <Filter>Header Files</Filter>
    </ClInclude>
    <ClInclude Include="src\application\VulkanApplicationDelegate.hpp">
      <Filter>Header Files</Filter>
    </ClInclude>
    <ClInclude Include="src\class_features\NonCopyable.hpp">
      <Filter>Header Files</Filter>
    </ClInclude>
    <ClInclude Include="src\class_features\NonMovable.hpp">
      <Filter>Header Files</Filter>
    </ClInclude>
    <ClInclude Include="include\vulkan\vk_platform.h">
      <Filter>Header Files</Filter>
    </ClInclude>
    <ClInclude Include="include\vulkan\vulkan.h">
      <Filter>Header Files</Filter>
    </ClInclude>
    <ClInclude Include="include\vulkan\vulkan_android.h">
      <Filter>Header Files</Filter>
    </ClInclude>
    <ClInclude Include="include\vulkan\vulkan_core.h">
      <Filter>Header Files</Filter>
    </ClInclude>
    <ClInclude Include="include\vulkan\vulkan_ios.h">
      <Filter>Header Files</Filter>
    </ClInclude>
    <ClInclude Include="include\vulkan\vulkan_macos.h">
      <Filter>Header Files</Filter>
    </ClInclude>
    <ClInclude Include="include\vulkan\vulkan_mir.h">
      <Filter>Header Files</Filter>
    </ClInclude>
    <ClInclude Include="include\vulkan\vulkan_vi.h">
      <Filter>Header Files</Filter>
    </ClInclude>
    <ClInclude Include="include\vulkan\vulkan_wayland.h">
      <Filter>Header Files</Filter>
    </ClInclude>
    <ClInclude Include="include\vulkan\vulkan_win32.h">
      <Filter>Header Files</Filter>
    </ClInclude>
    <ClInclude Include="include\vulkan\vulkan_xcb.h">
      <Filter>Header Files</Filter>
    </ClInclude>
    <ClInclude Include="include\vulkan\vulkan_xlib.h">
      <Filter>Header Files</Filter>
    </ClInclude>
    <ClInclude Include="include\vulkan\vulkan_xlib_xrandr.h">
      <Filter>Header Files</Filter>
    </ClInclude>
    <ClInclude Include="src\vk_interface\Instance.hpp">
      <Filter>Header Files</Filter>
    </ClInclude>
    <ClInclude Include="src\vk_interface\Device.hpp">
      <Filter>Header Files</Filter>
    </ClInclude>
    <ClInclude Include="src\vk_interface\memory\MemoryController.hpp">
      <Filter>Header Files</Filter>
    </ClInclude>
    <ClInclude Include="src\vk_interface\resources\ResourcesController.hpp">
      <Filter>Header Files</Filter>
    </ClInclude>
    <ClInclude Include="src\vk_interface\Loader.hpp">
      <Filter>Header Files</Filter>
    </ClInclude>
    <ClInclude Include="src\vk_interface\ImportTable.hpp">
      <Filter>Header Files</Filter>
    </ClInclude>
    <ClInclude Include="src\vk_interface\worker\Worker.hpp">
      <Filter>Header Files</Filter>
    </ClInclude>
    <ClInclude Include="src\vk_interface\worker\WorkerGroup.hpp">
      <Filter>Header Files</Filter>
    </ClInclude>
    <ClInclude Include="src\vk_interface\worker\WorkerFrame.h">
      <Filter>Header Files</Filter>
    </ClInclude>
    <ClInclude Include="src\vk_interface\Tools.hpp">
      <Filter>Header Files</Filter>
    </ClInclude>
    <ClInclude Include="src\vk_interface\worker\WorkersProvider.hpp">
      <Filter>Header Files</Filter>
    </ClInclude>
    <ClInclude Include="src\vk_interface\resources\Resource.hpp">
      <Filter>Header Files</Filter>
    </ClInclude>
    <ClInclude Include="src\vk_interface\resources\DynamicResourcesStorage.hpp">
      <Filter>Header Files</Filter>
    </ClInclude>
    <ClInclude Include="src\vk_interface\memory\Memory.hpp">
      <Filter>Header Files</Filter>
    </ClInclude>
    <ClInclude Include="src\vk_interface\runtime\ResourceBindingService.hpp">
      <Filter>Header Files</Filter>
    </ClInclude>
    <ClInclude Include="src\vk_interface\runtime\DescriptorSet.hpp">
      <Filter>Header Files</Filter>
    </ClInclude>
    <ClInclude Include="src\vk_interface\pipeline\Pipeline.hpp">
      <Filter>Header Files</Filter>
    </ClInclude>
    <ClInclude Include="src\vk_interface\pipeline\PipelineFactory.hpp">
      <Filter>Header Files</Filter>
    </ClInclude>
    <ClInclude Include="src\vk_interface\pipeline\ShaderModuleFactory.hpp">
      <Filter>Header Files</Filter>
    </ClInclude>
    <ClInclude Include="src\vk_interface\pipeline\ShaderModule.hpp">
      <Filter>Header Files</Filter>
    </ClInclude>
    <ClInclude Include="src\io\IOManager.hpp">
      <Filter>Header Files</Filter>
    </ClInclude>
    <ClInclude Include="src\memory\ByteBuffer.hpp">
      <Filter>Header Files</Filter>
    </ClInclude>
    <ClInclude Include="src\vk_interface\pipeline\RenderPass.hpp">
      <Filter>Header Files</Filter>
    </ClInclude>
    <ClInclude Include="src\vk_interface\pipeline\RenderPassController.hpp">
      <Filter>Header Files</Filter>
    </ClInclude>
    <ClInclude Include="src\vk_interface\resources\FramebufferController.hpp">
      <Filter>Header Files</Filter>
    </ClInclude>
    <ClInclude Include="src\vk_interface\resources\Framebuffer.hpp">
      <Filter>Header Files</Filter>
    </ClInclude>
    <ClInclude Include="src\vk_interface\pipeline\DescriptorLayout.hpp">
      <Filter>Header Files</Filter>
    </ClInclude>
    <ClInclude Include="src\vk_interface\pipeline\DescriptorLayoutController.hpp">
      <Filter>Header Files</Filter>
    </ClInclude>
    <ClInclude Include="src\vk_interface\buffer\BuffersProvider.hpp">
      <Filter>Header Files</Filter>
    </ClInclude>
    <ClInclude Include="src\vk_interface\image\ImagesProvider.hpp">
      <Filter>Header Files</Filter>
    </ClInclude>
    <ClInclude Include="src\vk_interface\buffer\BufferView.hpp">
      <Filter>Header Files</Filter>
    </ClInclude>
    <ClInclude Include="src\vk_interface\image\ImageView.hpp">
      <Filter>Header Files</Filter>
    </ClInclude>
    <ClInclude Include="src\class_features\ContinuousDataStorage.hpp">
      <Filter>Header Files</Filter>
    </ClInclude>
  </ItemGroup>
</Project>