<?xml version="1.0" encoding="utf-8"?>
<Project ToolsVersion="4.0" xmlns="http://schemas.microsoft.com/developer/msbuild/2003">
  <ItemGroup>
    <Filter Include="Source Files">
      <UniqueIdentifier>{4FC737F1-C7A5-4376-A066-2A32D752A2FF}</UniqueIdentifier>
      <Extensions>cpp;c;cc;cxx;def;odl;idl;hpj;bat;asm;asmx</Extensions>
    </Filter>
    <Filter Include="Header Files">
      <UniqueIdentifier>{93995380-89BD-4b04-88EB-625FBE52EBFB}</UniqueIdentifier>
      <Extensions>h;hh;hpp;hxx;hm;inl;inc;xsd</Extensions>
    </Filter>
    <Filter Include="Resource Files">
      <UniqueIdentifier>{67DA6AB6-F800-4c08-8B7A-83BB121AAD01}</UniqueIdentifier>
      <Extensions>rc;ico;cur;bmp;dlg;rc2;rct;bin;rgs;gif;jpg;jpeg;jpe;resx;tiff;tif;png;wav;mfcribbon-ms</Extensions>
    </Filter>
  </ItemGroup>
  <ItemGroup>
    <ClCompile Include="src\main.cpp">
      <Filter>Source Files</Filter>
    </ClCompile>
    <ClCompile Include="src\system\DynamicLibrary.cpp">
      <Filter>Source Files</Filter>
    </ClCompile>
    <ClCompile Include="src\application\Application.cpp">
      <Filter>Source Files</Filter>
    </ClCompile>
    <ClCompile Include="src\system\Window.cpp">
      <Filter>Source Files</Filter>
    </ClCompile>
    <ClCompile Include="src\application\VulkanApplicationDelegate.cpp">
      <Filter>Source Files</Filter>
    </ClCompile>
    <ClCompile Include="src\memory\ByteBuffer.cpp">
      <Filter>Source Files</Filter>
    </ClCompile>
    <ClCompile Include="src\io\IOManager.cpp">
      <Filter>Source Files</Filter>
    </ClCompile>
    <ClCompile Include="src\renderer\Pass.cpp">
      <Filter>Source Files</Filter>
    </ClCompile>
    <ClCompile Include="src\renderer\Root.cpp">
      <Filter>Source Files</Filter>
    </ClCompile>
    <ClCompile Include="src\transform\TransformationSystem.cpp">
      <Filter>Source Files</Filter>
    </ClCompile>
    <ClCompile Include="src\application\ImGuiHelper.cpp">
      <Filter>Source Files</Filter>
    </ClCompile>
    <ClCompile Include="src\input\InputSystem.cpp">
      <Filter>Source Files</Filter>
    </ClCompile>
    <ClCompile Include="src\input\Keyboard.cpp">
      <Filter>Source Files</Filter>
    </ClCompile>
    <ClCompile Include="src\renderer\CustomTempBlurPass.cpp">
      <Filter>Source Files</Filter>
    </ClCompile>
    <ClCompile Include="src\application\ImGuiUserData.cpp">
      <Filter>Source Files</Filter>
    </ClCompile>
    <ClCompile Include="src\VAL\buffer\BuffersProvider.cpp">
      <Filter>Source Files</Filter>
    </ClCompile>
    <ClCompile Include="src\VAL\buffer\BufferView.cpp">
      <Filter>Source Files</Filter>
    </ClCompile>
    <ClCompile Include="src\VAL\image\ImagesProvider.cpp">
      <Filter>Source Files</Filter>
    </ClCompile>
    <ClCompile Include="src\VAL\image\ImageView.cpp">
      <Filter>Source Files</Filter>
    </ClCompile>
    <ClCompile Include="src\VAL\memory\MemoryController.cpp">
      <Filter>Source Files</Filter>
    </ClCompile>
    <ClCompile Include="src\VAL\pipeline\DescriptorLayoutController.cpp">
      <Filter>Source Files</Filter>
    </ClCompile>
    <ClCompile Include="src\VAL\pipeline\PipelineFactory.cpp">
      <Filter>Source Files</Filter>
    </ClCompile>
    <ClCompile Include="src\VAL\pipeline\RenderPass.cpp">
      <Filter>Source Files</Filter>
    </ClCompile>
    <ClCompile Include="src\VAL\pipeline\RenderPassController.cpp">
      <Filter>Source Files</Filter>
    </ClCompile>
    <ClCompile Include="src\VAL\pipeline\ShaderModule.cpp">
      <Filter>Source Files</Filter>
    </ClCompile>
    <ClCompile Include="src\VAL\pipeline\ShaderModuleFactory.cpp">
      <Filter>Source Files</Filter>
    </ClCompile>
    <ClCompile Include="src\VAL\resources\DynamicResourcesStorage.cpp">
      <Filter>Source Files</Filter>
    </ClCompile>
    <ClCompile Include="src\VAL\resources\FramebufferController.cpp">
      <Filter>Source Files</Filter>
    </ClCompile>
    <ClCompile Include="src\VAL\resources\Resource.cpp">
      <Filter>Source Files</Filter>
    </ClCompile>
    <ClCompile Include="src\VAL\resources\ResourcesController.cpp">
      <Filter>Source Files</Filter>
    </ClCompile>
    <ClCompile Include="src\VAL\resources\ResourceTransferService.cpp">
      <Filter>Source Files</Filter>
    </ClCompile>
    <ClCompile Include="src\VAL\runtime\DescriptorSet.cpp">
      <Filter>Source Files</Filter>
    </ClCompile>
    <ClCompile Include="src\VAL\runtime\DescriptorSetController.cpp">
      <Filter>Source Files</Filter>
    </ClCompile>
    <ClCompile Include="src\VAL\runtime\PresentationController.cpp">
      <Filter>Source Files</Filter>
    </ClCompile>
    <ClCompile Include="src\VAL\worker\Worker.cpp">
      <Filter>Source Files</Filter>
    </ClCompile>
    <ClCompile Include="src\VAL\worker\WorkerFrame.cpp">
      <Filter>Source Files</Filter>
    </ClCompile>
    <ClCompile Include="src\VAL\worker\WorkerGroup.cpp">
      <Filter>Source Files</Filter>
    </ClCompile>
    <ClCompile Include="src\VAL\worker\WorkersProvider.cpp">
      <Filter>Source Files</Filter>
    </ClCompile>
    <ClCompile Include="src\VAL\Device.cpp">
      <Filter>Source Files</Filter>
    </ClCompile>
    <ClCompile Include="src\VAL\ImportTable.cpp">
      <Filter>Source Files</Filter>
    </ClCompile>
    <ClCompile Include="src\VAL\Instance.cpp">
      <Filter>Source Files</Filter>
    </ClCompile>
    <ClCompile Include="src\VAL\Loader.cpp">
      <Filter>Source Files</Filter>
    </ClCompile>
    <ClCompile Include="src\VAL\Surface.cpp">
      <Filter>Source Files</Filter>
    </ClCompile>
    <ClCompile Include="src\VAL\Swapchain.cpp">
      <Filter>Source Files</Filter>
    </ClCompile>
  </ItemGroup>
  <ItemGroup>
    <ClInclude Include="src\system\DynamicLibrary.hpp">
      <Filter>Header Files</Filter>
    </ClInclude>
    <ClInclude Include="src\application\Application.hpp">
      <Filter>Header Files</Filter>
    </ClInclude>
    <ClInclude Include="src\system\Window.hpp">
      <Filter>Header Files</Filter>
    </ClInclude>
    <ClInclude Include="src\application\VulkanApplicationDelegate.hpp">
      <Filter>Header Files</Filter>
    </ClInclude>
    <ClInclude Include="src\class_features\NonCopyable.hpp">
      <Filter>Header Files</Filter>
    </ClInclude>
    <ClInclude Include="src\class_features\NonMovable.hpp">
      <Filter>Header Files</Filter>
    </ClInclude>
    <ClInclude Include="src\io\IOManager.hpp">
      <Filter>Header Files</Filter>
    </ClInclude>
    <ClInclude Include="src\memory\ByteBuffer.hpp">
      <Filter>Header Files</Filter>
    </ClInclude>
    <ClInclude Include="src\renderer\Pass.hpp">
      <Filter>Header Files</Filter>
    </ClInclude>
    <ClInclude Include="src\renderer\Root.hpp">
      <Filter>Header Files</Filter>
    </ClInclude>
    <ClInclude Include="src\renderer\RootDef.hpp">
      <Filter>Header Files</Filter>
    </ClInclude>
    <ClInclude Include="src\renderer\RendererPipeline.hpp">
      <Filter>Header Files</Filter>
    </ClInclude>
    <ClInclude Include="src\renderer\Material.hpp">
      <Filter>Header Files</Filter>
    </ClInclude>
    <ClInclude Include="src\renderer\MaterialTemplate.hpp">
      <Filter>Header Files</Filter>
    </ClInclude>
    <ClInclude Include="src\renderer\Shader.hpp">
      <Filter>Header Files</Filter>
    </ClInclude>
    <ClInclude Include="src\renderer\RenderWorkItem.hpp">
      <Filter>Header Files</Filter>
    </ClInclude>
    <ClInclude Include="src\transform\TansformComponent.hpp">
      <Filter>Header Files</Filter>
    </ClInclude>
    <ClInclude Include="src\transform\TransformationSystem.hpp">
      <Filter>Header Files</Filter>
    </ClInclude>
    <ClInclude Include="src\data\ModelMesh.hpp">
      <Filter>Header Files</Filter>
    </ClInclude>
    <ClInclude Include="src\application\ImGuiHelper.hpp">
      <Filter>Header Files</Filter>
    </ClInclude>
    <ClInclude Include="src\input\InputSystem.hpp">
      <Filter>Header Files</Filter>
    </ClInclude>
    <ClInclude Include="src\input\Keyboard.hpp">
      <Filter>Header Files</Filter>
    </ClInclude>
    <ClInclude Include="src\renderer\ResourceUsage.hpp">
      <Filter>Header Files</Filter>
    </ClInclude>
    <ClInclude Include="src\renderer\CustomTempBlurPass.hpp">
      <Filter>Header Files</Filter>
    </ClInclude>
    <ClInclude Include="src\application\ImGuiUserData.hpp">
      <Filter>Header Files</Filter>
    </ClInclude>
    <ClInclude Include="src\data\Texture2D.hpp">
      <Filter>Header Files</Filter>
    </ClInclude>
    <ClInclude Include="src\VAL\buffer\BuffersProvider.hpp">
      <Filter>Header Files</Filter>
    </ClInclude>
    <ClInclude Include="src\VAL\buffer\BufferView.hpp">
      <Filter>Header Files</Filter>
    </ClInclude>
    <ClInclude Include="src\VAL\buffer\ProvidedBuffer.hpp">
      <Filter>Header Files</Filter>
    </ClInclude>
    <ClInclude Include="src\VAL\image\ImagesProvider.hpp">
      <Filter>Header Files</Filter>
    </ClInclude>
    <ClInclude Include="src\VAL\image\ImageView.hpp">
      <Filter>Header Files</Filter>
    </ClInclude>
    <ClInclude Include="src\VAL\memory\Memory.hpp">
      <Filter>Header Files</Filter>
    </ClInclude>
    <ClInclude Include="src\VAL\memory\MemoryController.hpp">
      <Filter>Header Files</Filter>
    </ClInclude>
    <ClInclude Include="src\VAL\pipeline\DescriptorLayout.hpp">
      <Filter>Header Files</Filter>
    </ClInclude>
    <ClInclude Include="src\VAL\pipeline\DescriptorLayoutController.hpp">
      <Filter>Header Files</Filter>
    </ClInclude>
    <ClInclude Include="src\VAL\pipeline\Pipeline.hpp">
      <Filter>Header Files</Filter>
    </ClInclude>
    <ClInclude Include="src\VAL\pipeline\PipelineFactory.hpp">
      <Filter>Header Files</Filter>
    </ClInclude>
    <ClInclude Include="src\VAL\pipeline\RenderPass.hpp">
      <Filter>Header Files</Filter>
    </ClInclude>
    <ClInclude Include="src\VAL\pipeline\RenderPassController.hpp">
      <Filter>Header Files</Filter>
    </ClInclude>
    <ClInclude Include="src\VAL\pipeline\ShaderModule.hpp">
      <Filter>Header Files</Filter>
    </ClInclude>
    <ClInclude Include="src\VAL\pipeline\ShaderModuleFactory.hpp">
      <Filter>Header Files</Filter>
    </ClInclude>
    <ClInclude Include="src\VAL\resources\DynamicResourcesStorage.hpp">
      <Filter>Header Files</Filter>
    </ClInclude>
    <ClInclude Include="src\VAL\resources\Framebuffer.hpp">
      <Filter>Header Files</Filter>
    </ClInclude>
    <ClInclude Include="src\VAL\resources\FramebufferController.hpp">
      <Filter>Header Files</Filter>
    </ClInclude>
    <ClInclude Include="src\VAL\resources\Resource.hpp">
      <Filter>Header Files</Filter>
    </ClInclude>
    <ClInclude Include="src\VAL\resources\ResourcesController.hpp">
      <Filter>Header Files</Filter>
    </ClInclude>
    <ClInclude Include="src\VAL\resources\ResourceTransferService.hpp">
      <Filter>Header Files</Filter>
    </ClInclude>
    <ClInclude Include="src\VAL\runtime\DescriptorSet.hpp">
      <Filter>Header Files</Filter>
    </ClInclude>
    <ClInclude Include="src\VAL\runtime\DescriptorSetController.hpp">
      <Filter>Header Files</Filter>
    </ClInclude>
    <ClInclude Include="src\VAL\runtime\PresentationController.hpp">
      <Filter>Header Files</Filter>
    </ClInclude>
    <ClInclude Include="src\VAL\worker\Worker.hpp">
      <Filter>Header Files</Filter>
    </ClInclude>
    <ClInclude Include="src\VAL\worker\WorkerFrame.hpp">
      <Filter>Header Files</Filter>
    </ClInclude>
    <ClInclude Include="src\VAL\worker\WorkerGroup.hpp">
      <Filter>Header Files</Filter>
    </ClInclude>
    <ClInclude Include="src\VAL\worker\WorkersProvider.hpp">
      <Filter>Header Files</Filter>
    </ClInclude>
    <ClInclude Include="src\VAL\Device.hpp">
      <Filter>Header Files</Filter>
    </ClInclude>
    <ClInclude Include="src\VAL\ImportTable.hpp">
      <Filter>Header Files</Filter>
    </ClInclude>
    <ClInclude Include="src\VAL\Instance.hpp">
      <Filter>Header Files</Filter>
    </ClInclude>
    <ClInclude Include="src\VAL\Loader.hpp">
      <Filter>Header Files</Filter>
    </ClInclude>
    <ClInclude Include="src\VAL\Surface.hpp">
      <Filter>Header Files</Filter>
    </ClInclude>
    <ClInclude Include="src\VAL\Swapchain.hpp">
      <Filter>Header Files</Filter>
    </ClInclude>
    <ClInclude Include="src\VAL\Tools.hpp">
      <Filter>Header Files</Filter>
    </ClInclude>
    <ClInclude Include="src\VAL\VkInterfaceConstants.hpp">
      <Filter>Header Files</Filter>
    </ClInclude>
  </ItemGroup>
</Project>